
Microsoft Visual Studio Solution File, Format Version 12.00
# Visual Studio Version 16
VisualStudioVersion = 16.0.29519.181
MinimumVisualStudioVersion = 10.0.40219.1
Project("{FAE04EC0-301F-11D3-BF4B-00C04F79EFBC}") = "TeamProjectNew", "TeamProjectNew\TeamProjectNew.csproj", "{638E109B-7A92-4E64-AD3F-54CB29CE8B6B}"
EndProject
Global
	GlobalSection(SolutionConfigurationPlatforms) = preSolution
		Debug|Any CPU = Debug|Any CPU
		Release|Any CPU = Release|Any CPU
	EndGlobalSection
	GlobalSection(ProjectConfigurationPlatforms) = postSolution
		{638E109B-7A92-4E64-AD3F-54CB29CE8B6B}.Debug|Any CPU.ActiveCfg = Debug|Any CPU
		{638E109B-7A92-4E64-AD3F-54CB29CE8B6B}.Debug|Any CPU.Build.0 = Debug|Any CPU
		{638E109B-7A92-4E64-AD3F-54CB29CE8B6B}.Release|Any CPU.ActiveCfg = Release|Any CPU
		{638E109B-7A92-4E64-AD3F-54CB29CE8B6B}.Release|Any CPU.Build.0 = Release|Any CPU
	EndGlobalSection
	GlobalSection(SolutionProperties) = preSolution
		HideSolutionNode = FALSE
	EndGlobalSection
	GlobalSection(ExtensibilityGlobals) = postSolution
		SolutionGuid = {00324AAE-075E-42EE-B05F-0742A11BBD31}
	EndGlobalSection
EndGlobal
