
Microsoft Visual Studio Solution File, Format Version 12.00
# Visual Studio Version 16
VisualStudioVersion = 16.0.29519.181
MinimumVisualStudioVersion = 10.0.40219.1
Project("{9A19103F-16F7-4668-BE54-9A1E7A4F7556}") = "Alias_UI", "Alias_UI\Alias_UI.csproj", "{6E5547BC-B8D3-4544-9668-284E12F5447E}"
EndProject
Project("{FAE04EC0-301F-11D3-BF4B-00C04F79EFBC}") = "Alias_Logic", "Alias_Logic\Alias_Logic.csproj", "{9CA54205-7544-40F4-8245-A20DA296C823}"
EndProject
Global
	GlobalSection(SolutionConfigurationPlatforms) = preSolution
		Debug|Any CPU = Debug|Any CPU
		Release|Any CPU = Release|Any CPU
	EndGlobalSection
	GlobalSection(ProjectConfigurationPlatforms) = postSolution
		{6E5547BC-B8D3-4544-9668-284E12F5447E}.Debug|Any CPU.ActiveCfg = Debug|Any CPU
		{6E5547BC-B8D3-4544-9668-284E12F5447E}.Debug|Any CPU.Build.0 = Debug|Any CPU
		{6E5547BC-B8D3-4544-9668-284E12F5447E}.Release|Any CPU.ActiveCfg = Release|Any CPU
		{6E5547BC-B8D3-4544-9668-284E12F5447E}.Release|Any CPU.Build.0 = Release|Any CPU
		{9CA54205-7544-40F4-8245-A20DA296C823}.Debug|Any CPU.ActiveCfg = Debug|Any CPU
		{9CA54205-7544-40F4-8245-A20DA296C823}.Debug|Any CPU.Build.0 = Debug|Any CPU
		{9CA54205-7544-40F4-8245-A20DA296C823}.Release|Any CPU.ActiveCfg = Release|Any CPU
		{9CA54205-7544-40F4-8245-A20DA296C823}.Release|Any CPU.Build.0 = Release|Any CPU
	EndGlobalSection
	GlobalSection(SolutionProperties) = preSolution
		HideSolutionNode = FALSE
	EndGlobalSection
	GlobalSection(ExtensibilityGlobals) = postSolution
		SolutionGuid = {00324AAE-075E-42EE-B05F-0742A11BBD31}
	EndGlobalSection
EndGlobal
